<?xml version="1.0" encoding="utf-8"?>
<Project ToolsVersion="4.0" xmlns="http://schemas.microsoft.com/developer/msbuild/2003">
  <ItemGroup>
    <Filter Include="ソース ファイル">
      <UniqueIdentifier>{4FC737F1-C7A5-4376-A066-2A32D752A2FF}</UniqueIdentifier>
      <Extensions>cpp;c;cc;cxx;def;odl;idl;hpj;bat;asm;asmx</Extensions>
    </Filter>
    <Filter Include="ヘッダー ファイル">
      <UniqueIdentifier>{93995380-89BD-4b04-88EB-625FBE52EBFB}</UniqueIdentifier>
      <Extensions>h;hh;hpp;hxx;hm;inl;inc;xsd</Extensions>
    </Filter>
    <Filter Include="リソース ファイル">
      <UniqueIdentifier>{67DA6AB6-F800-4c08-8B7A-83BB121AAD01}</UniqueIdentifier>
      <Extensions>rc;ico;cur;bmp;dlg;rc2;rct;bin;rgs;gif;jpg;jpeg;jpe;resx;tiff;tif;png;wav;mfcribbon-ms</Extensions>
    </Filter>
    <Filter Include="ソース ファイル\Math">
      <UniqueIdentifier>{fb44f067-922d-4664-9ecc-7c604cbf0ca0}</UniqueIdentifier>
    </Filter>
    <Filter Include="ソース ファイル\Graph">
      <UniqueIdentifier>{ff7233b4-67ba-4366-b72c-09448e7f9021}</UniqueIdentifier>
    </Filter>
  </ItemGroup>
  <ItemGroup>
    <ClCompile Include="Mint.cpp">
      <Filter>ソース ファイル\Math</Filter>
    </ClCompile>
    <ClCompile Include="Euclid.cpp">
      <Filter>ソース ファイル\Math</Filter>
    </ClCompile>
    <ClCompile Include="Cases.cpp">
      <Filter>ソース ファイル\Math</Filter>
    </ClCompile>
    <ClCompile Include="UnionFind.cpp">
      <Filter>ソース ファイル\Graph</Filter>
    </ClCompile>
  </ItemGroup>
</Project>